
Microsoft Visual Studio Solution File, Format Version 12.00
# Visual Studio Version 17
VisualStudioVersion = 17.2.32630.192
MinimumVisualStudioVersion = 10.0.40219.1
Project("{9A19103F-16F7-4668-BE54-9A1E7A4F7556}") = "BussinessLayer", "BussinessLayer\BussinessLayer.csproj", "{FEDF792C-D070-4171-82A4-2C56BF6AEF06}"
	ProjectSection(ProjectDependencies) = postProject
		{74CDC60B-39A6-4329-AF74-A2641F732458} = {74CDC60B-39A6-4329-AF74-A2641F732458}
		{A19F8DFC-C73B-4C9F-9664-B240B44976E3} = {A19F8DFC-C73B-4C9F-9664-B240B44976E3}
	EndProjectSection
EndProject
Project("{9A19103F-16F7-4668-BE54-9A1E7A4F7556}") = "DataLayer", "DataLayer\DataLayer.csproj", "{A19F8DFC-C73B-4C9F-9664-B240B44976E3}"
EndProject
Project("{9A19103F-16F7-4668-BE54-9A1E7A4F7556}") = "DTO", "DTO\DTO.csproj", "{C774F119-0F8D-4EE4-943C-578222DD9DD2}"
EndProject
Project("{9A19103F-16F7-4668-BE54-9A1E7A4F7556}") = "Helper", "Helper\Helper.csproj", "{74CDC60B-39A6-4329-AF74-A2641F732458}"
	ProjectSection(ProjectDependencies) = postProject
		{A19F8DFC-C73B-4C9F-9664-B240B44976E3} = {A19F8DFC-C73B-4C9F-9664-B240B44976E3}
		{C774F119-0F8D-4EE4-943C-578222DD9DD2} = {C774F119-0F8D-4EE4-943C-578222DD9DD2}
	EndProjectSection
EndProject
Project("{9A19103F-16F7-4668-BE54-9A1E7A4F7556}") = "MedicalBillingManagementWebAPI", "MedicalBillingManagementWebAPI\MedicalBillingManagementWebAPI.csproj", "{1E504644-90F0-41FF-BC1D-03EF44C8C3B2}"
	ProjectSection(ProjectDependencies) = postProject
		{74CDC60B-39A6-4329-AF74-A2641F732458} = {74CDC60B-39A6-4329-AF74-A2641F732458}
		{A19F8DFC-C73B-4C9F-9664-B240B44976E3} = {A19F8DFC-C73B-4C9F-9664-B240B44976E3}
		{C774F119-0F8D-4EE4-943C-578222DD9DD2} = {C774F119-0F8D-4EE4-943C-578222DD9DD2}
	EndProjectSection
EndProject
Project("{FAE04EC0-301F-11D3-BF4B-00C04F79EFBC}") = "ServiceLayer", "ServiceLayer\ServiceLayer.csproj", "{E2049845-F3CE-4193-B4B3-B165F14167AA}"
	ProjectSection(ProjectDependencies) = postProject
		{74CDC60B-39A6-4329-AF74-A2641F732458} = {74CDC60B-39A6-4329-AF74-A2641F732458}
		{FEDF792C-D070-4171-82A4-2C56BF6AEF06} = {FEDF792C-D070-4171-82A4-2C56BF6AEF06}
	EndProjectSection
EndProject
Global
	GlobalSection(SolutionConfigurationPlatforms) = preSolution
		Debug|Any CPU = Debug|Any CPU
		Release|Any CPU = Release|Any CPU
	EndGlobalSection
	GlobalSection(ProjectConfigurationPlatforms) = postSolution
		{FEDF792C-D070-4171-82A4-2C56BF6AEF06}.Debug|Any CPU.ActiveCfg = Debug|Any CPU
		{FEDF792C-D070-4171-82A4-2C56BF6AEF06}.Debug|Any CPU.Build.0 = Debug|Any CPU
		{FEDF792C-D070-4171-82A4-2C56BF6AEF06}.Release|Any CPU.ActiveCfg = Release|Any CPU
		{FEDF792C-D070-4171-82A4-2C56BF6AEF06}.Release|Any CPU.Build.0 = Release|Any CPU
		{A19F8DFC-C73B-4C9F-9664-B240B44976E3}.Debug|Any CPU.ActiveCfg = Debug|Any CPU
		{A19F8DFC-C73B-4C9F-9664-B240B44976E3}.Debug|Any CPU.Build.0 = Debug|Any CPU
		{A19F8DFC-C73B-4C9F-9664-B240B44976E3}.Release|Any CPU.ActiveCfg = Release|Any CPU
		{A19F8DFC-C73B-4C9F-9664-B240B44976E3}.Release|Any CPU.Build.0 = Release|Any CPU
		{C774F119-0F8D-4EE4-943C-578222DD9DD2}.Debug|Any CPU.ActiveCfg = Debug|Any CPU
		{C774F119-0F8D-4EE4-943C-578222DD9DD2}.Debug|Any CPU.Build.0 = Debug|Any CPU
		{C774F119-0F8D-4EE4-943C-578222DD9DD2}.Release|Any CPU.ActiveCfg = Release|Any CPU
		{C774F119-0F8D-4EE4-943C-578222DD9DD2}.Release|Any CPU.Build.0 = Release|Any CPU
		{74CDC60B-39A6-4329-AF74-A2641F732458}.Debug|Any CPU.ActiveCfg = Debug|Any CPU
		{74CDC60B-39A6-4329-AF74-A2641F732458}.Debug|Any CPU.Build.0 = Debug|Any CPU
		{74CDC60B-39A6-4329-AF74-A2641F732458}.Release|Any CPU.ActiveCfg = Release|Any CPU
		{74CDC60B-39A6-4329-AF74-A2641F732458}.Release|Any CPU.Build.0 = Release|Any CPU
		{1E504644-90F0-41FF-BC1D-03EF44C8C3B2}.Debug|Any CPU.ActiveCfg = Debug|Any CPU
		{1E504644-90F0-41FF-BC1D-03EF44C8C3B2}.Debug|Any CPU.Build.0 = Debug|Any CPU
		{1E504644-90F0-41FF-BC1D-03EF44C8C3B2}.Release|Any CPU.ActiveCfg = Release|Any CPU
		{1E504644-90F0-41FF-BC1D-03EF44C8C3B2}.Release|Any CPU.Build.0 = Release|Any CPU
		{E2049845-F3CE-4193-B4B3-B165F14167AA}.Debug|Any CPU.ActiveCfg = Debug|Any CPU
		{E2049845-F3CE-4193-B4B3-B165F14167AA}.Debug|Any CPU.Build.0 = Debug|Any CPU
		{E2049845-F3CE-4193-B4B3-B165F14167AA}.Release|Any CPU.ActiveCfg = Release|Any CPU
		{E2049845-F3CE-4193-B4B3-B165F14167AA}.Release|Any CPU.Build.0 = Release|Any CPU
	EndGlobalSection
	GlobalSection(SolutionProperties) = preSolution
		HideSolutionNode = FALSE
	EndGlobalSection
	GlobalSection(ExtensibilityGlobals) = postSolution
		SolutionGuid = {E88D7E78-DF47-4680-AFCD-38D2A8AB7DDC}
	EndGlobalSection
EndGlobal
