
Microsoft Visual Studio Solution File, Format Version 12.00
# Visual Studio Version 17
VisualStudioVersion = 17.2.32505.173
MinimumVisualStudioVersion = 10.0.40219.1
Project("{FAE04EC0-301F-11D3-BF4B-00C04F79EFBC}") = "FCMNotification", "FCMNotification\FCMNotification.csproj", "{B86CB154-2FB7-4226-B0F6-309D8B6CEE57}"
EndProject
Global
	GlobalSection(SolutionConfigurationPlatforms) = preSolution
		Debug|Any CPU = Debug|Any CPU
		Release|Any CPU = Release|Any CPU
	EndGlobalSection
	GlobalSection(ProjectConfigurationPlatforms) = postSolution
		{B86CB154-2FB7-4226-B0F6-309D8B6CEE57}.Debug|Any CPU.ActiveCfg = Debug|Any CPU
		{B86CB154-2FB7-4226-B0F6-309D8B6CEE57}.Debug|Any CPU.Build.0 = Debug|Any CPU
		{B86CB154-2FB7-4226-B0F6-309D8B6CEE57}.Release|Any CPU.ActiveCfg = Release|Any CPU
		{B86CB154-2FB7-4226-B0F6-309D8B6CEE57}.Release|Any CPU.Build.0 = Release|Any CPU
	EndGlobalSection
	GlobalSection(SolutionProperties) = preSolution
		HideSolutionNode = FALSE
	EndGlobalSection
	GlobalSection(ExtensibilityGlobals) = postSolution
		SolutionGuid = {1DC0AD36-BA2D-4D2E-85DC-1F0927E71D76}
	EndGlobalSection
EndGlobal
