
Microsoft Visual Studio Solution File, Format Version 12.00
# Visual Studio Version 17
VisualStudioVersion = 17.4.33213.308
MinimumVisualStudioVersion = 10.0.40219.1
Project("{FAE04EC0-301F-11D3-BF4B-00C04F79EFBC}") = "ERP_1.O", "ERP_1.O\ERP_1.O.csproj", "{AB2FC736-B82C-4DC7-99DA-7DA641F2B397}"
	ProjectSection(ProjectDependencies) = postProject
		{0D285707-EC0C-4B46-AA67-09ED305FF283} = {0D285707-EC0C-4B46-AA67-09ED305FF283}
		{110095A5-03B7-4C79-9005-977E75462414} = {110095A5-03B7-4C79-9005-977E75462414}
		{DD9B27F5-61D3-46AA-A828-A5A491DC6221} = {DD9B27F5-61D3-46AA-A828-A5A491DC6221}
		{F9422441-7280-43F6-8CA6-1A3274915D7F} = {F9422441-7280-43F6-8CA6-1A3274915D7F}
	EndProjectSection
EndProject
Project("{FAE04EC0-301F-11D3-BF4B-00C04F79EFBC}") = "BussinessLayer", "BussinessLayer\BussinessLayer.csproj", "{7432E1CB-8FBF-4294-A4B5-D5933C5C912F}"
	ProjectSection(ProjectDependencies) = postProject
		{0D285707-EC0C-4B46-AA67-09ED305FF283} = {0D285707-EC0C-4B46-AA67-09ED305FF283}
		{DD9B27F5-61D3-46AA-A828-A5A491DC6221} = {DD9B27F5-61D3-46AA-A828-A5A491DC6221}
		{F9422441-7280-43F6-8CA6-1A3274915D7F} = {F9422441-7280-43F6-8CA6-1A3274915D7F}
	EndProjectSection
EndProject
Project("{FAE04EC0-301F-11D3-BF4B-00C04F79EFBC}") = "DataLayer", "DataLayer\DataLayer.csproj", "{DD9B27F5-61D3-46AA-A828-A5A491DC6221}"
EndProject
Project("{FAE04EC0-301F-11D3-BF4B-00C04F79EFBC}") = "ServiceLayer", "ServiceLayer\ServiceLayer.csproj", "{110095A5-03B7-4C79-9005-977E75462414}"
	ProjectSection(ProjectDependencies) = postProject
		{0D285707-EC0C-4B46-AA67-09ED305FF283} = {0D285707-EC0C-4B46-AA67-09ED305FF283}
		{7432E1CB-8FBF-4294-A4B5-D5933C5C912F} = {7432E1CB-8FBF-4294-A4B5-D5933C5C912F}
		{F9422441-7280-43F6-8CA6-1A3274915D7F} = {F9422441-7280-43F6-8CA6-1A3274915D7F}
	EndProjectSection
EndProject
Project("{FAE04EC0-301F-11D3-BF4B-00C04F79EFBC}") = "DTO", "DTO\DTO.csproj", "{0D285707-EC0C-4B46-AA67-09ED305FF283}"
EndProject
Project("{FAE04EC0-301F-11D3-BF4B-00C04F79EFBC}") = "Helper", "Helper\Helper.csproj", "{F9422441-7280-43F6-8CA6-1A3274915D7F}"
	ProjectSection(ProjectDependencies) = postProject
		{0D285707-EC0C-4B46-AA67-09ED305FF283} = {0D285707-EC0C-4B46-AA67-09ED305FF283}
		{DD9B27F5-61D3-46AA-A828-A5A491DC6221} = {DD9B27F5-61D3-46AA-A828-A5A491DC6221}
	EndProjectSection
EndProject
Global
	GlobalSection(SolutionConfigurationPlatforms) = preSolution
		Debug|Any CPU = Debug|Any CPU
		Release|Any CPU = Release|Any CPU
	EndGlobalSection
	GlobalSection(ProjectConfigurationPlatforms) = postSolution
		{AB2FC736-B82C-4DC7-99DA-7DA641F2B397}.Debug|Any CPU.ActiveCfg = Debug|Any CPU
		{AB2FC736-B82C-4DC7-99DA-7DA641F2B397}.Debug|Any CPU.Build.0 = Debug|Any CPU
		{AB2FC736-B82C-4DC7-99DA-7DA641F2B397}.Release|Any CPU.ActiveCfg = Release|Any CPU
		{AB2FC736-B82C-4DC7-99DA-7DA641F2B397}.Release|Any CPU.Build.0 = Release|Any CPU
		{7432E1CB-8FBF-4294-A4B5-D5933C5C912F}.Debug|Any CPU.ActiveCfg = Debug|Any CPU
		{7432E1CB-8FBF-4294-A4B5-D5933C5C912F}.Debug|Any CPU.Build.0 = Debug|Any CPU
		{7432E1CB-8FBF-4294-A4B5-D5933C5C912F}.Release|Any CPU.ActiveCfg = Release|Any CPU
		{7432E1CB-8FBF-4294-A4B5-D5933C5C912F}.Release|Any CPU.Build.0 = Release|Any CPU
		{DD9B27F5-61D3-46AA-A828-A5A491DC6221}.Debug|Any CPU.ActiveCfg = Debug|Any CPU
		{DD9B27F5-61D3-46AA-A828-A5A491DC6221}.Debug|Any CPU.Build.0 = Debug|Any CPU
		{DD9B27F5-61D3-46AA-A828-A5A491DC6221}.Release|Any CPU.ActiveCfg = Release|Any CPU
		{DD9B27F5-61D3-46AA-A828-A5A491DC6221}.Release|Any CPU.Build.0 = Release|Any CPU
		{110095A5-03B7-4C79-9005-977E75462414}.Debug|Any CPU.ActiveCfg = Debug|Any CPU
		{110095A5-03B7-4C79-9005-977E75462414}.Debug|Any CPU.Build.0 = Debug|Any CPU
		{110095A5-03B7-4C79-9005-977E75462414}.Release|Any CPU.ActiveCfg = Release|Any CPU
		{110095A5-03B7-4C79-9005-977E75462414}.Release|Any CPU.Build.0 = Release|Any CPU
		{0D285707-EC0C-4B46-AA67-09ED305FF283}.Debug|Any CPU.ActiveCfg = Debug|Any CPU
		{0D285707-EC0C-4B46-AA67-09ED305FF283}.Debug|Any CPU.Build.0 = Debug|Any CPU
		{0D285707-EC0C-4B46-AA67-09ED305FF283}.Release|Any CPU.ActiveCfg = Release|Any CPU
		{0D285707-EC0C-4B46-AA67-09ED305FF283}.Release|Any CPU.Build.0 = Release|Any CPU
		{F9422441-7280-43F6-8CA6-1A3274915D7F}.Debug|Any CPU.ActiveCfg = Debug|Any CPU
		{F9422441-7280-43F6-8CA6-1A3274915D7F}.Debug|Any CPU.Build.0 = Debug|Any CPU
		{F9422441-7280-43F6-8CA6-1A3274915D7F}.Release|Any CPU.ActiveCfg = Release|Any CPU
		{F9422441-7280-43F6-8CA6-1A3274915D7F}.Release|Any CPU.Build.0 = Release|Any CPU
	EndGlobalSection
	GlobalSection(SolutionProperties) = preSolution
		HideSolutionNode = FALSE
	EndGlobalSection
	GlobalSection(ExtensibilityGlobals) = postSolution
		SolutionGuid = {7C9651D4-D7A0-44E7-9F88-F99901B95063}
	EndGlobalSection
EndGlobal
